
Microsoft Visual Studio Solution File, Format Version 12.00
# Visual Studio Version 17
VisualStudioVersion = 17.14.36616.10
MinimumVisualStudioVersion = 10.0.40219.1
Project("{FAE04EC0-301F-11D3-BF4B-00C04F79EFBC}") = "LuniShop.API", "LuniShop.API\LuniShop.API.csproj", "{DA6E821C-2BA6-4FCD-854B-DB99E73E28C9}"
EndProject
Project("{FAE04EC0-301F-11D3-BF4B-00C04F79EFBC}") = "LuniShop.Domain", "LuniShop.Domain\LuniShop.Domain.csproj", "{09BE8EE5-2731-49C2-9216-4D2B0F07981D}"
EndProject
Project("{FAE04EC0-301F-11D3-BF4B-00C04F79EFBC}") = "LuniShop.Infrastructure", "LuniShop.Infrastructure\LuniShop.Infrastructure.csproj", "{0F7E5E7B-C3CB-4151-B98F-ADF8C5551B29}"
EndProject
Project("{FAE04EC0-301F-11D3-BF4B-00C04F79EFBC}") = "LuniShop.Application", "LuniShop.Application\LuniShop.Application.csproj", "{C2820346-B0E2-48A4-821C-43A61EB76132}"
EndProject
Project("{FAE04EC0-301F-11D3-BF4B-00C04F79EFBC}") = "UserService.Domain", "UserService.Domain\UserService.Domain.csproj", "{BFB6D398-5CDC-48F4-A251-7F1EC3178D28}"
EndProject
Project("{FAE04EC0-301F-11D3-BF4B-00C04F79EFBC}") = "UserService.Infrastructure", "UserService.Infrastructure\UserService.Infrastructure.csproj", "{35DF5438-9727-4119-BA0D-6A89104ED178}"
EndProject
Project("{FAE04EC0-301F-11D3-BF4B-00C04F79EFBC}") = "UserService.API", "UserService.API\UserService.API.csproj", "{58B58E58-4D7B-4453-9830-7A798FFAF380}"
EndProject
Project("{FAE04EC0-301F-11D3-BF4B-00C04F79EFBC}") = "UserService.Application", "UserService.Application\UserService.Application.csproj", "{C1C71A30-8B40-4601-998C-F6746C8CCAD6}"
EndProject
Global
	GlobalSection(SolutionConfigurationPlatforms) = preSolution
		Debug|Any CPU = Debug|Any CPU
		Debug|x64 = Debug|x64
		Debug|x86 = Debug|x86
		Release|Any CPU = Release|Any CPU
		Release|x64 = Release|x64
		Release|x86 = Release|x86
	EndGlobalSection
	GlobalSection(ProjectConfigurationPlatforms) = postSolution
		{DA6E821C-2BA6-4FCD-854B-DB99E73E28C9}.Debug|Any CPU.ActiveCfg = Debug|Any CPU
		{DA6E821C-2BA6-4FCD-854B-DB99E73E28C9}.Debug|Any CPU.Build.0 = Debug|Any CPU
		{DA6E821C-2BA6-4FCD-854B-DB99E73E28C9}.Debug|x64.ActiveCfg = Debug|Any CPU
		{DA6E821C-2BA6-4FCD-854B-DB99E73E28C9}.Debug|x64.Build.0 = Debug|Any CPU
		{DA6E821C-2BA6-4FCD-854B-DB99E73E28C9}.Debug|x86.ActiveCfg = Debug|Any CPU
		{DA6E821C-2BA6-4FCD-854B-DB99E73E28C9}.Debug|x86.Build.0 = Debug|Any CPU
		{DA6E821C-2BA6-4FCD-854B-DB99E73E28C9}.Release|Any CPU.ActiveCfg = Release|Any CPU
		{DA6E821C-2BA6-4FCD-854B-DB99E73E28C9}.Release|Any CPU.Build.0 = Release|Any CPU
		{DA6E821C-2BA6-4FCD-854B-DB99E73E28C9}.Release|x64.ActiveCfg = Release|Any CPU
		{DA6E821C-2BA6-4FCD-854B-DB99E73E28C9}.Release|x64.Build.0 = Release|Any CPU
		{DA6E821C-2BA6-4FCD-854B-DB99E73E28C9}.Release|x86.ActiveCfg = Release|Any CPU
		{DA6E821C-2BA6-4FCD-854B-DB99E73E28C9}.Release|x86.Build.0 = Release|Any CPU
		{09BE8EE5-2731-49C2-9216-4D2B0F07981D}.Debug|Any CPU.ActiveCfg = Debug|Any CPU
		{09BE8EE5-2731-49C2-9216-4D2B0F07981D}.Debug|Any CPU.Build.0 = Debug|Any CPU
		{09BE8EE5-2731-49C2-9216-4D2B0F07981D}.Debug|x64.ActiveCfg = Debug|Any CPU
		{09BE8EE5-2731-49C2-9216-4D2B0F07981D}.Debug|x64.Build.0 = Debug|Any CPU
		{09BE8EE5-2731-49C2-9216-4D2B0F07981D}.Debug|x86.ActiveCfg = Debug|Any CPU
		{09BE8EE5-2731-49C2-9216-4D2B0F07981D}.Debug|x86.Build.0 = Debug|Any CPU
		{09BE8EE5-2731-49C2-9216-4D2B0F07981D}.Release|Any CPU.ActiveCfg = Release|Any CPU
		{09BE8EE5-2731-49C2-9216-4D2B0F07981D}.Release|Any CPU.Build.0 = Release|Any CPU
		{09BE8EE5-2731-49C2-9216-4D2B0F07981D}.Release|x64.ActiveCfg = Release|Any CPU
		{09BE8EE5-2731-49C2-9216-4D2B0F07981D}.Release|x64.Build.0 = Release|Any CPU
		{09BE8EE5-2731-49C2-9216-4D2B0F07981D}.Release|x86.ActiveCfg = Release|Any CPU
		{09BE8EE5-2731-49C2-9216-4D2B0F07981D}.Release|x86.Build.0 = Release|Any CPU
		{0F7E5E7B-C3CB-4151-B98F-ADF8C5551B29}.Debug|Any CPU.ActiveCfg = Debug|Any CPU
		{0F7E5E7B-C3CB-4151-B98F-ADF8C5551B29}.Debug|Any CPU.Build.0 = Debug|Any CPU
		{0F7E5E7B-C3CB-4151-B98F-ADF8C5551B29}.Debug|x64.ActiveCfg = Debug|Any CPU
		{0F7E5E7B-C3CB-4151-B98F-ADF8C5551B29}.Debug|x64.Build.0 = Debug|Any CPU
		{0F7E5E7B-C3CB-4151-B98F-ADF8C5551B29}.Debug|x86.ActiveCfg = Debug|Any CPU
		{0F7E5E7B-C3CB-4151-B98F-ADF8C5551B29}.Debug|x86.Build.0 = Debug|Any CPU
		{0F7E5E7B-C3CB-4151-B98F-ADF8C5551B29}.Release|Any CPU.ActiveCfg = Release|Any CPU
		{0F7E5E7B-C3CB-4151-B98F-ADF8C5551B29}.Release|Any CPU.Build.0 = Release|Any CPU
		{0F7E5E7B-C3CB-4151-B98F-ADF8C5551B29}.Release|x64.ActiveCfg = Release|Any CPU
		{0F7E5E7B-C3CB-4151-B98F-ADF8C5551B29}.Release|x64.Build.0 = Release|Any CPU
		{0F7E5E7B-C3CB-4151-B98F-ADF8C5551B29}.Release|x86.ActiveCfg = Release|Any CPU
		{0F7E5E7B-C3CB-4151-B98F-ADF8C5551B29}.Release|x86.Build.0 = Release|Any CPU
		{C2820346-B0E2-48A4-821C-43A61EB76132}.Debug|Any CPU.ActiveCfg = Debug|Any CPU
		{C2820346-B0E2-48A4-821C-43A61EB76132}.Debug|Any CPU.Build.0 = Debug|Any CPU
		{C2820346-B0E2-48A4-821C-43A61EB76132}.Debug|x64.ActiveCfg = Debug|Any CPU
		{C2820346-B0E2-48A4-821C-43A61EB76132}.Debug|x64.Build.0 = Debug|Any CPU
		{C2820346-B0E2-48A4-821C-43A61EB76132}.Debug|x86.ActiveCfg = Debug|Any CPU
		{C2820346-B0E2-48A4-821C-43A61EB76132}.Debug|x86.Build.0 = Debug|Any CPU
		{C2820346-B0E2-48A4-821C-43A61EB76132}.Release|Any CPU.ActiveCfg = Release|Any CPU
		{C2820346-B0E2-48A4-821C-43A61EB76132}.Release|Any CPU.Build.0 = Release|Any CPU
		{C2820346-B0E2-48A4-821C-43A61EB76132}.Release|x64.ActiveCfg = Release|Any CPU
		{C2820346-B0E2-48A4-821C-43A61EB76132}.Release|x64.Build.0 = Release|Any CPU
		{C2820346-B0E2-48A4-821C-43A61EB76132}.Release|x86.ActiveCfg = Release|Any CPU
		{C2820346-B0E2-48A4-821C-43A61EB76132}.Release|x86.Build.0 = Release|Any CPU
		{BFB6D398-5CDC-48F4-A251-7F1EC3178D28}.Debug|Any CPU.ActiveCfg = Debug|Any CPU
		{BFB6D398-5CDC-48F4-A251-7F1EC3178D28}.Debug|Any CPU.Build.0 = Debug|Any CPU
		{BFB6D398-5CDC-48F4-A251-7F1EC3178D28}.Debug|x64.ActiveCfg = Debug|Any CPU
		{BFB6D398-5CDC-48F4-A251-7F1EC3178D28}.Debug|x64.Build.0 = Debug|Any CPU
		{BFB6D398-5CDC-48F4-A251-7F1EC3178D28}.Debug|x86.ActiveCfg = Debug|Any CPU
		{BFB6D398-5CDC-48F4-A251-7F1EC3178D28}.Debug|x86.Build.0 = Debug|Any CPU
		{BFB6D398-5CDC-48F4-A251-7F1EC3178D28}.Release|Any CPU.ActiveCfg = Release|Any CPU
		{BFB6D398-5CDC-48F4-A251-7F1EC3178D28}.Release|Any CPU.Build.0 = Release|Any CPU
		{BFB6D398-5CDC-48F4-A251-7F1EC3178D28}.Release|x64.ActiveCfg = Release|Any CPU
		{BFB6D398-5CDC-48F4-A251-7F1EC3178D28}.Release|x64.Build.0 = Release|Any CPU
		{BFB6D398-5CDC-48F4-A251-7F1EC3178D28}.Release|x86.ActiveCfg = Release|Any CPU
		{BFB6D398-5CDC-48F4-A251-7F1EC3178D28}.Release|x86.Build.0 = Release|Any CPU
		{35DF5438-9727-4119-BA0D-6A89104ED178}.Debug|Any CPU.ActiveCfg = Debug|Any CPU
		{35DF5438-9727-4119-BA0D-6A89104ED178}.Debug|Any CPU.Build.0 = Debug|Any CPU
		{35DF5438-9727-4119-BA0D-6A89104ED178}.Debug|x64.ActiveCfg = Debug|Any CPU
		{35DF5438-9727-4119-BA0D-6A89104ED178}.Debug|x64.Build.0 = Debug|Any CPU
		{35DF5438-9727-4119-BA0D-6A89104ED178}.Debug|x86.ActiveCfg = Debug|Any CPU
		{35DF5438-9727-4119-BA0D-6A89104ED178}.Debug|x86.Build.0 = Debug|Any CPU
		{35DF5438-9727-4119-BA0D-6A89104ED178}.Release|Any CPU.ActiveCfg = Release|Any CPU
		{35DF5438-9727-4119-BA0D-6A89104ED178}.Release|Any CPU.Build.0 = Release|Any CPU
		{35DF5438-9727-4119-BA0D-6A89104ED178}.Release|x64.ActiveCfg = Release|Any CPU
		{35DF5438-9727-4119-BA0D-6A89104ED178}.Release|x64.Build.0 = Release|Any CPU
		{35DF5438-9727-4119-BA0D-6A89104ED178}.Release|x86.ActiveCfg = Release|Any CPU
		{35DF5438-9727-4119-BA0D-6A89104ED178}.Release|x86.Build.0 = Release|Any CPU
		{58B58E58-4D7B-4453-9830-7A798FFAF380}.Debug|Any CPU.ActiveCfg = Debug|Any CPU
		{58B58E58-4D7B-4453-9830-7A798FFAF380}.Debug|Any CPU.Build.0 = Debug|Any CPU
		{58B58E58-4D7B-4453-9830-7A798FFAF380}.Debug|x64.ActiveCfg = Debug|Any CPU
		{58B58E58-4D7B-4453-9830-7A798FFAF380}.Debug|x64.Build.0 = Debug|Any CPU
		{58B58E58-4D7B-4453-9830-7A798FFAF380}.Debug|x86.ActiveCfg = Debug|Any CPU
		{58B58E58-4D7B-4453-9830-7A798FFAF380}.Debug|x86.Build.0 = Debug|Any CPU
		{58B58E58-4D7B-4453-9830-7A798FFAF380}.Release|Any CPU.ActiveCfg = Release|Any CPU
		{58B58E58-4D7B-4453-9830-7A798FFAF380}.Release|Any CPU.Build.0 = Release|Any CPU
		{58B58E58-4D7B-4453-9830-7A798FFAF380}.Release|x64.ActiveCfg = Release|Any CPU
		{58B58E58-4D7B-4453-9830-7A798FFAF380}.Release|x64.Build.0 = Release|Any CPU
		{58B58E58-4D7B-4453-9830-7A798FFAF380}.Release|x86.ActiveCfg = Release|Any CPU
		{58B58E58-4D7B-4453-9830-7A798FFAF380}.Release|x86.Build.0 = Release|Any CPU
		{C1C71A30-8B40-4601-998C-F6746C8CCAD6}.Debug|Any CPU.ActiveCfg = Debug|Any CPU
		{C1C71A30-8B40-4601-998C-F6746C8CCAD6}.Debug|Any CPU.Build.0 = Debug|Any CPU
		{C1C71A30-8B40-4601-998C-F6746C8CCAD6}.Debug|x64.ActiveCfg = Debug|Any CPU
		{C1C71A30-8B40-4601-998C-F6746C8CCAD6}.Debug|x64.Build.0 = Debug|Any CPU
		{C1C71A30-8B40-4601-998C-F6746C8CCAD6}.Debug|x86.ActiveCfg = Debug|Any CPU
		{C1C71A30-8B40-4601-998C-F6746C8CCAD6}.Debug|x86.Build.0 = Debug|Any CPU
		{C1C71A30-8B40-4601-998C-F6746C8CCAD6}.Release|Any CPU.ActiveCfg = Release|Any CPU
		{C1C71A30-8B40-4601-998C-F6746C8CCAD6}.Release|Any CPU.Build.0 = Release|Any CPU
		{C1C71A30-8B40-4601-998C-F6746C8CCAD6}.Release|x64.ActiveCfg = Release|Any CPU
		{C1C71A30-8B40-4601-998C-F6746C8CCAD6}.Release|x64.Build.0 = Release|Any CPU
		{C1C71A30-8B40-4601-998C-F6746C8CCAD6}.Release|x86.ActiveCfg = Release|Any CPU
		{C1C71A30-8B40-4601-998C-F6746C8CCAD6}.Release|x86.Build.0 = Release|Any CPU
	EndGlobalSection
	GlobalSection(SolutionProperties) = preSolution
		HideSolutionNode = FALSE
	EndGlobalSection
	GlobalSection(ExtensibilityGlobals) = postSolution
		SolutionGuid = {5B14AB2A-5976-44A5-97B4-B85B9BC5F838}
	EndGlobalSection
EndGlobal
